<?xml version="1.0" encoding="utf-8"?>
<Project ToolsVersion="4.0" xmlns="http://schemas.microsoft.com/developer/msbuild/2003">
  <ItemGroup>
    <Filter Include="src">
      <UniqueIdentifier>{4669cbb4-f501-4803-945b-1677c5724124}</UniqueIdentifier>
    </Filter>
    <Filter Include="src\app">
      <UniqueIdentifier>{6abe8479-8d3f-4b51-88cc-ecee9567fab2}</UniqueIdentifier>
    </Filter>
    <Filter Include="src\game">
      <UniqueIdentifier>{9b887927-934a-494d-8288-2a943ca77a5b}</UniqueIdentifier>
    </Filter>
    <Filter Include="src\sys">
      <UniqueIdentifier>{b159ae18-120e-49bc-b8fa-5190c9cab0bf}</UniqueIdentifier>
    </Filter>
    <Filter Include="src\game\score">
      <UniqueIdentifier>{45b283c2-0a61-4228-9f25-eaa1fe235d9b}</UniqueIdentifier>
    </Filter>
    <Filter Include="src\game\play">
      <UniqueIdentifier>{4d6489c6-2c48-4950-9618-a9aab377c12e}</UniqueIdentifier>
    </Filter>
    <Filter Include="src\game\start">
      <UniqueIdentifier>{a2541ef6-0960-4d4e-85b1-1cfbcf123cc9}</UniqueIdentifier>
    </Filter>
  </ItemGroup>
  <ItemGroup>
    <ClCompile Include="..\..\src\app\app.cpp">
      <Filter>src\app</Filter>
    </ClCompile>
    <ClCompile Include="..\..\src\app\BackBoard.cpp">
      <Filter>src\app</Filter>
    </ClCompile>
    <ClCompile Include="..\..\src\app\DynSprite.cpp">
      <Filter>src\app</Filter>
    </ClCompile>
    <ClCompile Include="..\..\src\app\Sprite.cpp">
      <Filter>src\app</Filter>
    </ClCompile>
    <ClCompile Include="..\..\src\game\MineDigger.cpp">
      <Filter>src\game</Filter>
    </ClCompile>
    <ClCompile Include="..\..\src\sys\GameEngine.cpp">
      <Filter>src\sys</Filter>
    </ClCompile>
    <ClCompile Include="..\..\src\sys\Logger.cpp">
      <Filter>src\sys</Filter>
    </ClCompile>
    <ClCompile Include="..\..\src\sys\Renderer.cpp">
      <Filter>src\sys</Filter>
    </ClCompile>
    <ClCompile Include="..\..\src\sys\ResLoader.cpp">
      <Filter>src\sys</Filter>
    </ClCompile>
    <ClCompile Include="..\..\src\sys\SoundPlayer.cpp">
      <Filter>src\sys</Filter>
    </ClCompile>
    <ClCompile Include="..\..\src\sys\Texture.cpp">
      <Filter>src\sys</Filter>
    </ClCompile>
    <ClCompile Include="..\..\src\main.cpp">
      <Filter>src</Filter>
    </ClCompile>
    <ClCompile Include="precomp.cpp" />
    <ClCompile Include="..\..\src\game\play\GemBoardModel.cpp">
      <Filter>src\game\play</Filter>
    </ClCompile>
    <ClCompile Include="..\..\src\game\play\GemBoardView.cpp">
      <Filter>src\game\play</Filter>
    </ClCompile>
    <ClCompile Include="..\..\src\game\play\GemSprite.cpp">
      <Filter>src\game\play</Filter>
    </ClCompile>
    <ClCompile Include="..\..\src\game\play\PlayScreen.cpp">
      <Filter>src\game\play</Filter>
    </ClCompile>
    <ClCompile Include="..\..\src\game\score\ScoreScreen.cpp">
      <Filter>src\game\score</Filter>
    </ClCompile>
    <ClCompile Include="..\..\src\game\start\StartScreen.cpp">
      <Filter>src\game\start</Filter>
    </ClCompile>
  </ItemGroup>
  <ItemGroup>
    <ClInclude Include="..\..\src\app\app.h">
      <Filter>src\app</Filter>
    </ClInclude>
    <ClInclude Include="..\..\src\app\BackBoard.h">
      <Filter>src\app</Filter>
    </ClInclude>
    <ClInclude Include="..\..\src\app\DynSprite.h">
      <Filter>src\app</Filter>
    </ClInclude>
    <ClInclude Include="..\..\src\app\IGame.h">
      <Filter>src\app</Filter>
    </ClInclude>
    <ClInclude Include="..\..\src\app\IGameScreen.h">
      <Filter>src\app</Filter>
    </ClInclude>
    <ClInclude Include="..\..\src\app\IResHolder.h">
      <Filter>src\app</Filter>
    </ClInclude>
    <ClInclude Include="..\..\src\app\Sprite.h">
      <Filter>src\app</Filter>
    </ClInclude>
    <ClInclude Include="..\..\src\game\MineDigger.h">
      <Filter>src\game</Filter>
    </ClInclude>
    <ClInclude Include="..\..\src\sys\sys.h">
      <Filter>src\sys</Filter>
    </ClInclude>
    <ClInclude Include="..\..\src\sys\GameEngine.h">
      <Filter>src\sys</Filter>
    </ClInclude>
    <ClInclude Include="..\..\src\sys\IDrawable.h">
      <Filter>src\sys</Filter>
    </ClInclude>
    <ClInclude Include="..\..\src\sys\IMouseListener.h">
      <Filter>src\sys</Filter>
    </ClInclude>
    <ClInclude Include="..\..\src\sys\Logger.h">
      <Filter>src\sys</Filter>
    </ClInclude>
    <ClInclude Include="..\..\src\sys\Renderer.h">
      <Filter>src\sys</Filter>
    </ClInclude>
    <ClInclude Include="..\..\src\sys\ResLoader.h">
      <Filter>src\sys</Filter>
    </ClInclude>
    <ClInclude Include="..\..\src\sys\SoundPlayer.h">
      <Filter>src\sys</Filter>
    </ClInclude>
    <ClInclude Include="..\..\src\sys\Texture.h">
      <Filter>src\sys</Filter>
    </ClInclude>
    <ClInclude Include="..\..\src\sys\Vec2.h">
      <Filter>src\sys</Filter>
    </ClInclude>
    <ClInclude Include="..\..\src\precomp.h">
      <Filter>src</Filter>
    </ClInclude>
    <ClInclude Include="..\..\src\game\play\GemBoardModel.h">
      <Filter>src\game\play</Filter>
    </ClInclude>
    <ClInclude Include="..\..\src\game\play\GemBoardView.h">
      <Filter>src\game\play</Filter>
    </ClInclude>
    <ClInclude Include="..\..\src\game\play\GemSprite.h">
      <Filter>src\game\play</Filter>
    </ClInclude>
    <ClInclude Include="..\..\src\game\play\PlayScreen.h">
      <Filter>src\game\play</Filter>
    </ClInclude>
    <ClInclude Include="..\..\src\game\score\ScoreScreen.h">
      <Filter>src\game\score</Filter>
    </ClInclude>
    <ClInclude Include="..\..\src\game\start\StartScreen.h">
      <Filter>src\game\start</Filter>
    </ClInclude>
  </ItemGroup>
  <ItemGroup>
    <None Include="..\..\src\game\MineDigger.cfg">
      <Filter>src\game</Filter>
    </None>
  </ItemGroup>
</Project>